
Microsoft Visual Studio Solution File, Format Version 12.00
# Visual Studio 15
VisualStudioVersion = 15.0.28307.329
MinimumVisualStudioVersion = 10.0.40219.1
Project("{FAE04EC0-301F-11D3-BF4B-00C04F79EFBC}") = "ONS.Webhook.Api.Test", "ONS.Webhook.Api.Test\ONS.Webhook.Api.Test.csproj", "{57496EFE-CBAF-444D-8AA4-806179B6B005}"
EndProject
Global
	GlobalSection(SolutionConfigurationPlatforms) = preSolution
		Debug|Any CPU = Debug|Any CPU
		Release|Any CPU = Release|Any CPU
	EndGlobalSection
	GlobalSection(ProjectConfigurationPlatforms) = postSolution
		{57496EFE-CBAF-444D-8AA4-806179B6B005}.Debug|Any CPU.ActiveCfg = Debug|Any CPU
		{57496EFE-CBAF-444D-8AA4-806179B6B005}.Debug|Any CPU.Build.0 = Debug|Any CPU
		{57496EFE-CBAF-444D-8AA4-806179B6B005}.Release|Any CPU.ActiveCfg = Release|Any CPU
		{57496EFE-CBAF-444D-8AA4-806179B6B005}.Release|Any CPU.Build.0 = Release|Any CPU
	EndGlobalSection
	GlobalSection(SolutionProperties) = preSolution
		HideSolutionNode = FALSE
	EndGlobalSection
	GlobalSection(ExtensibilityGlobals) = postSolution
		SolutionGuid = {BEDA692D-8D2C-4258-9C9C-B8A12838F06D}
	EndGlobalSection
EndGlobal
